
Microsoft Visual Studio Solution File, Format Version 12.00
# Visual Studio Version 16
VisualStudioVersion = 16.0.29318.209
MinimumVisualStudioVersion = 10.0.40219.1
Project("{9A19103F-16F7-4668-BE54-9A1E7A4F7556}") = "RGBKit.Core", "RGBKit.Core\RGBKit.Core.csproj", "{A1DD3EB8-13BB-4438-8D57-971C35D65B3A}"
EndProject
Project("{9A19103F-16F7-4668-BE54-9A1E7A4F7556}") = "RGBKit.Providers.Aura", "RGBKit.Providers.Aura\RGBKit.Providers.Aura.csproj", "{C602A3E5-77F8-4043-BA91-246C9A459F57}"
EndProject
Project("{9A19103F-16F7-4668-BE54-9A1E7A4F7556}") = "RGBKit.Providers.Cue", "RGBKit.Providers.Cue\RGBKit.Providers.Cue.csproj", "{EDAB7312-A958-4F48-9092-E13C3B3F055B}"
EndProject
Project("{9A19103F-16F7-4668-BE54-9A1E7A4F7556}") = "RGBKit.Providers.NZXT", "RGBKit.Providers.NZXT\RGBKit.Providers.NZXT.csproj", "{50EF352F-3B1E-472F-91C7-4A68E944EFA1}"
EndProject
Global
	GlobalSection(SolutionConfigurationPlatforms) = preSolution
		Debug|Any CPU = Debug|Any CPU
		Release|Any CPU = Release|Any CPU
	EndGlobalSection
	GlobalSection(ProjectConfigurationPlatforms) = postSolution
		{A1DD3EB8-13BB-4438-8D57-971C35D65B3A}.Debug|Any CPU.ActiveCfg = Debug|Any CPU
		{A1DD3EB8-13BB-4438-8D57-971C35D65B3A}.Debug|Any CPU.Build.0 = Debug|Any CPU
		{A1DD3EB8-13BB-4438-8D57-971C35D65B3A}.Release|Any CPU.ActiveCfg = Release|Any CPU
		{A1DD3EB8-13BB-4438-8D57-971C35D65B3A}.Release|Any CPU.Build.0 = Release|Any CPU
		{C602A3E5-77F8-4043-BA91-246C9A459F57}.Debug|Any CPU.ActiveCfg = Debug|Any CPU
		{C602A3E5-77F8-4043-BA91-246C9A459F57}.Debug|Any CPU.Build.0 = Debug|Any CPU
		{C602A3E5-77F8-4043-BA91-246C9A459F57}.Release|Any CPU.ActiveCfg = Release|Any CPU
		{C602A3E5-77F8-4043-BA91-246C9A459F57}.Release|Any CPU.Build.0 = Release|Any CPU
		{EDAB7312-A958-4F48-9092-E13C3B3F055B}.Debug|Any CPU.ActiveCfg = Debug|Any CPU
		{EDAB7312-A958-4F48-9092-E13C3B3F055B}.Debug|Any CPU.Build.0 = Debug|Any CPU
		{EDAB7312-A958-4F48-9092-E13C3B3F055B}.Release|Any CPU.ActiveCfg = Release|Any CPU
		{EDAB7312-A958-4F48-9092-E13C3B3F055B}.Release|Any CPU.Build.0 = Release|Any CPU
		{50EF352F-3B1E-472F-91C7-4A68E944EFA1}.Debug|Any CPU.ActiveCfg = Debug|Any CPU
		{50EF352F-3B1E-472F-91C7-4A68E944EFA1}.Debug|Any CPU.Build.0 = Debug|Any CPU
		{50EF352F-3B1E-472F-91C7-4A68E944EFA1}.Release|Any CPU.ActiveCfg = Release|Any CPU
		{50EF352F-3B1E-472F-91C7-4A68E944EFA1}.Release|Any CPU.Build.0 = Release|Any CPU
	EndGlobalSection
	GlobalSection(SolutionProperties) = preSolution
		HideSolutionNode = FALSE
	EndGlobalSection
	GlobalSection(ExtensibilityGlobals) = postSolution
		SolutionGuid = {C3ACA689-A574-4FF5-812B-08DA3F5EA233}
	EndGlobalSection
EndGlobal
